{
    "name": "bespoke",
    "lockfileVersion": 3,
    "requires": true,
    "packages": {
        "": {
            "dependencies": {
                "data-navigator": "^2.4.1"
            }
        },
        "node_modules/data-navigator": {
            "version": "2.4.1",
            "resolved": "https://registry.npmjs.org/data-navigator/-/data-navigator-2.4.1.tgz",
            "integrity": "sha512-JYoSq2Wt1PTNuFRj+eUuUVfGTOOpc/XgJYiDMri+c35NRuCDDY/H+WeFr+SxZYmP6HlgV40VWXjBTVr1TFM0ww==",
            "license": "MIT"
        }
    }
}
