{
  "name": "first-chart",
  "lockfileVersion": 3,
  "requires": true,
  "packages": {
    "": {
      "dependencies": {
        "data-navigator": "^2.2.0"
      }
    },
    "node_modules/data-navigator": {
      "version": "2.2.0",
      "resolved": "https://registry.npmjs.org/data-navigator/-/data-navigator-2.2.0.tgz",
      "integrity": "sha512-hKxREE/q5qBdzb4WrH1cILLVTvSV/r6Iu1t14ds026cvMYUgGXVIvtAYP3YypZKmR59jrygZUeA0tDSVdpB6gQ=="
    }
  }
}
