{
    "name": "data-text-adventure",
    "lockfileVersion": 3,
    "requires": true,
    "packages": {
        "": {
            "dependencies": {
                "data-navigator": "^2.2.0"
            }
        },
        "node_modules/data-navigator": {
            "version": "2.2.4",
            "resolved": "https://registry.npmjs.org/data-navigator/-/data-navigator-2.2.4.tgz",
            "integrity": "sha512-GDhicTQVKJZOf91L/gyu/C2l14wlLAcbLS5Um2YkQev3jmvkqLyKY1xV/SW/qmM91rEDLun6F+Ze0h0eDsb/AQ==",
            "license": "MIT"
        }
    }
}
