{
    "name": "interactive-elements",
    "lockfileVersion": 3,
    "requires": true,
    "packages": {
        "": {
            "dependencies": {
                "@data-navigator/bokeh-wrapper": "^0.2.0",
                "data-navigator": "^2.4.0"
            }
        },
        "node_modules/@data-navigator/bokeh-wrapper": {
            "version": "0.2.0",
            "resolved": "https://registry.npmjs.org/@data-navigator/bokeh-wrapper/-/bokeh-wrapper-0.2.0.tgz",
            "integrity": "sha512-JRLYw+sO+O4GVlhOpvIjzyYWurJErAXvKORl3wFhJUkI71Zubwj5M6q/uYp4y91TKd2ujCPAiKb6pP2RUBucuw==",
            "license": "MIT",
            "peerDependencies": {
                "data-navigator": ">=2.3.0"
            }
        },
        "node_modules/data-navigator": {
            "version": "2.4.0",
            "resolved": "https://registry.npmjs.org/data-navigator/-/data-navigator-2.4.0.tgz",
            "integrity": "sha512-3UG7AVmyWImb9NlqW4FtgECGN1n/0+Mi5tZx4XlqyPHH4gdIcZUlGzkoku96Cac/wa9Up7twRrA7kYH6SMIFyw==",
            "license": "MIT"
        }
    }
}
